
Microsoft Visual Studio Solution File, Format Version 12.00
# Visual Studio Version 16
VisualStudioVersion = 16.0.29905.134
MinimumVisualStudioVersion = 10.0.40219.1
Project("{FAE04EC0-301F-11D3-BF4B-00C04F79EFBC}") = "Tschuma3Minesweeper", "UserControlExample\Tschuma3Minesweeper.csproj", "{6DDB09CB-0CE6-4CCB-80DA-FFE624DCD230}"
EndProject
Global
	GlobalSection(SolutionConfigurationPlatforms) = preSolution
		Debug|Any CPU = Debug|Any CPU
		Release|Any CPU = Release|Any CPU
	EndGlobalSection
	GlobalSection(ProjectConfigurationPlatforms) = postSolution
		{6DDB09CB-0CE6-4CCB-80DA-FFE624DCD230}.Debug|Any CPU.ActiveCfg = Debug|Any CPU
		{6DDB09CB-0CE6-4CCB-80DA-FFE624DCD230}.Debug|Any CPU.Build.0 = Debug|Any CPU
		{6DDB09CB-0CE6-4CCB-80DA-FFE624DCD230}.Release|Any CPU.ActiveCfg = Release|Any CPU
		{6DDB09CB-0CE6-4CCB-80DA-FFE624DCD230}.Release|Any CPU.Build.0 = Release|Any CPU
	EndGlobalSection
	GlobalSection(SolutionProperties) = preSolution
		HideSolutionNode = FALSE
	EndGlobalSection
	GlobalSection(ExtensibilityGlobals) = postSolution
		SolutionGuid = {D1F5265A-9A32-415B-A44E-8A081BAAC5BB}
	EndGlobalSection
EndGlobal
